
Microsoft Visual Studio Solution File, Format Version 12.00
# Visual Studio Version 16
VisualStudioVersion = 16.6.30114.105
MinimumVisualStudioVersion = 10.0.40219.1
Project("{2150E333-8FDC-42A3-9474-1A3956D46DE8}") = "DirectExchange", "DirectExchange", "{E3B5FAC6-A202-404E-9E4A-467BED37CC8E}"
EndProject
Project("{FAE04EC0-301F-11D3-BF4B-00C04F79EFBC}") = "Producer", "DirectExchange\Producer\Producer.csproj", "{72D30DAB-3EB1-4F85-8843-89BB85949CD7}"
EndProject
Project("{FAE04EC0-301F-11D3-BF4B-00C04F79EFBC}") = "Consumer", "DirectExchange\Consumer\Consumer.csproj", "{1FACE745-67EE-462E-A897-E21DA5F5794D}"
EndProject
Project("{2150E333-8FDC-42A3-9474-1A3956D46DE8}") = "FanoutExchange", "FanoutExchange", "{F3A9BAD1-0C55-4BAC-A3DD-0F534F108C9E}"
EndProject
Project("{FAE04EC0-301F-11D3-BF4B-00C04F79EFBC}") = "Producer", "FanoutExchange\Producer\Producer.csproj", "{5C29A052-A408-4EC5-A861-4C5F33254362}"
EndProject
Project("{FAE04EC0-301F-11D3-BF4B-00C04F79EFBC}") = "Consumer", "FanoutExchange\Consumer\Consumer.csproj", "{40B08AFD-9EFF-4CE9-A02F-D90CB973BA29}"
EndProject
Project("{2150E333-8FDC-42A3-9474-1A3956D46DE8}") = "HeaderExchange", "HeaderExchange", "{7329682F-BA2B-4182-9539-49C9A109B8A8}"
EndProject
Project("{FAE04EC0-301F-11D3-BF4B-00C04F79EFBC}") = "Producer", "HeaderExchange\Producer\Producer.csproj", "{28EF87B2-4ED4-4B38-853C-86CD87B024FA}"
EndProject
Project("{FAE04EC0-301F-11D3-BF4B-00C04F79EFBC}") = "Consumer", "HeaderExchange\Consumer\Consumer.csproj", "{C3C57039-D654-4A9E-B7DC-241B7E2A3F29}"
EndProject
Project("{2150E333-8FDC-42A3-9474-1A3956D46DE8}") = "TopicExchange", "TopicExchange", "{D3C057B7-E860-45C4-98FE-3730D6C1F3F3}"
EndProject
Project("{FAE04EC0-301F-11D3-BF4B-00C04F79EFBC}") = "Producer", "TopicExchange\Producer\Producer.csproj", "{C7AF24A6-C753-4CE1-90C8-34F58CA5F812}"
EndProject
Project("{FAE04EC0-301F-11D3-BF4B-00C04F79EFBC}") = "Consumer", "TopicExchange\Consumer\Consumer.csproj", "{46CD444B-9DD5-4441-811B-B9A79D65766A}"
EndProject
Project("{2150E333-8FDC-42A3-9474-1A3956D46DE8}") = "Misc", "Misc", "{00563637-0E10-4F11-84BB-25F0EB1A8C27}"
EndProject
Project("{FAE04EC0-301F-11D3-BF4B-00C04F79EFBC}") = "ExchangeToExchangeBinding", "Misc\ExchangeToExchangeBinding\ExchangeToExchangeBinding.csproj", "{48DCF587-CB07-4D1A-9F6A-1201D6EA20CE}"
EndProject
Project("{FAE04EC0-301F-11D3-BF4B-00C04F79EFBC}") = "AlternateExchange", "Misc\AlternateExchange\AlternateExchange.csproj", "{1A7FF46E-72D0-4D51-AA00-4C086863C047}"
EndProject
Project("{FAE04EC0-301F-11D3-BF4B-00C04F79EFBC}") = "PushPull", "Misc\PushPull\PushPull.csproj", "{AB4412E2-AB10-48D9-A084-34569ACDCB1B}"
EndProject
Project("{FAE04EC0-301F-11D3-BF4B-00C04F79EFBC}") = "WorkQueues", "Misc\WorkQueues\WorkQueues.csproj", "{7D01C1AD-3DA3-441C-BDF2-DA572D0A0366}"
EndProject
Project("{2150E333-8FDC-42A3-9474-1A3956D46DE8}") = "PublishSubscribe", "PublishSubscribe", "{3597D116-BEB0-4BDA-B89B-EF76C5EF9313}"
EndProject
Project("{FAE04EC0-301F-11D3-BF4B-00C04F79EFBC}") = "Publisher", "Misc\PublishSubscribe\Publisher\Publisher.csproj", "{C1E46A84-F7BA-44C8-8B37-E083D7DDEAB1}"
EndProject
Project("{FAE04EC0-301F-11D3-BF4B-00C04F79EFBC}") = "Subscriber", "Misc\PublishSubscribe\Subscriber\Subscriber.csproj", "{D83A49F8-6452-4592-84AF-5F8D1716D64A}"
EndProject
Project("{2150E333-8FDC-42A3-9474-1A3956D46DE8}") = "RequestReply", "RequestReply", "{3C34230C-4751-421C-9370-C468B802162A}"
EndProject
Project("{FAE04EC0-301F-11D3-BF4B-00C04F79EFBC}") = "Requester", "Misc\RequestReply\Requester\Requester.csproj", "{632BA627-05AA-4854-BCB6-975E6CD4D289}"
EndProject
Project("{FAE04EC0-301F-11D3-BF4B-00C04F79EFBC}") = "Replier", "Misc\RequestReply\Replier\Replier.csproj", "{B1644E5C-F568-46EC-B1A1-7EBF0D3C759A}"
EndProject
Project("{2150E333-8FDC-42A3-9474-1A3956D46DE8}") = "Priorities", "Priorities", "{ED056B86-A156-4F73-8166-201636911459}"
EndProject
Project("{FAE04EC0-301F-11D3-BF4B-00C04F79EFBC}") = "Publisher", "Misc\Priorities\Publisher\Publisher.csproj", "{295B0B92-811D-4529-97F1-23BF142805BC}"
EndProject
Project("{FAE04EC0-301F-11D3-BF4B-00C04F79EFBC}") = "Worker", "Misc\Priorities\Worker\Worker.csproj", "{2040F90E-5E5D-447F-8E81-4E448375EA31}"
EndProject
Global
	GlobalSection(SolutionConfigurationPlatforms) = preSolution
		Debug|Any CPU = Debug|Any CPU
		Debug|x64 = Debug|x64
		Debug|x86 = Debug|x86
		Release|Any CPU = Release|Any CPU
		Release|x64 = Release|x64
		Release|x86 = Release|x86
	EndGlobalSection
	GlobalSection(SolutionProperties) = preSolution
		HideSolutionNode = FALSE
	EndGlobalSection
	GlobalSection(ProjectConfigurationPlatforms) = postSolution
		{72D30DAB-3EB1-4F85-8843-89BB85949CD7}.Debug|Any CPU.ActiveCfg = Debug|Any CPU
		{72D30DAB-3EB1-4F85-8843-89BB85949CD7}.Debug|Any CPU.Build.0 = Debug|Any CPU
		{72D30DAB-3EB1-4F85-8843-89BB85949CD7}.Debug|x64.ActiveCfg = Debug|Any CPU
		{72D30DAB-3EB1-4F85-8843-89BB85949CD7}.Debug|x64.Build.0 = Debug|Any CPU
		{72D30DAB-3EB1-4F85-8843-89BB85949CD7}.Debug|x86.ActiveCfg = Debug|Any CPU
		{72D30DAB-3EB1-4F85-8843-89BB85949CD7}.Debug|x86.Build.0 = Debug|Any CPU
		{72D30DAB-3EB1-4F85-8843-89BB85949CD7}.Release|Any CPU.ActiveCfg = Release|Any CPU
		{72D30DAB-3EB1-4F85-8843-89BB85949CD7}.Release|Any CPU.Build.0 = Release|Any CPU
		{72D30DAB-3EB1-4F85-8843-89BB85949CD7}.Release|x64.ActiveCfg = Release|Any CPU
		{72D30DAB-3EB1-4F85-8843-89BB85949CD7}.Release|x64.Build.0 = Release|Any CPU
		{72D30DAB-3EB1-4F85-8843-89BB85949CD7}.Release|x86.ActiveCfg = Release|Any CPU
		{72D30DAB-3EB1-4F85-8843-89BB85949CD7}.Release|x86.Build.0 = Release|Any CPU
		{1FACE745-67EE-462E-A897-E21DA5F5794D}.Debug|Any CPU.ActiveCfg = Debug|Any CPU
		{1FACE745-67EE-462E-A897-E21DA5F5794D}.Debug|Any CPU.Build.0 = Debug|Any CPU
		{1FACE745-67EE-462E-A897-E21DA5F5794D}.Debug|x64.ActiveCfg = Debug|Any CPU
		{1FACE745-67EE-462E-A897-E21DA5F5794D}.Debug|x64.Build.0 = Debug|Any CPU
		{1FACE745-67EE-462E-A897-E21DA5F5794D}.Debug|x86.ActiveCfg = Debug|Any CPU
		{1FACE745-67EE-462E-A897-E21DA5F5794D}.Debug|x86.Build.0 = Debug|Any CPU
		{1FACE745-67EE-462E-A897-E21DA5F5794D}.Release|Any CPU.ActiveCfg = Release|Any CPU
		{1FACE745-67EE-462E-A897-E21DA5F5794D}.Release|Any CPU.Build.0 = Release|Any CPU
		{1FACE745-67EE-462E-A897-E21DA5F5794D}.Release|x64.ActiveCfg = Release|Any CPU
		{1FACE745-67EE-462E-A897-E21DA5F5794D}.Release|x64.Build.0 = Release|Any CPU
		{1FACE745-67EE-462E-A897-E21DA5F5794D}.Release|x86.ActiveCfg = Release|Any CPU
		{1FACE745-67EE-462E-A897-E21DA5F5794D}.Release|x86.Build.0 = Release|Any CPU
		{5C29A052-A408-4EC5-A861-4C5F33254362}.Debug|Any CPU.ActiveCfg = Debug|Any CPU
		{5C29A052-A408-4EC5-A861-4C5F33254362}.Debug|Any CPU.Build.0 = Debug|Any CPU
		{5C29A052-A408-4EC5-A861-4C5F33254362}.Debug|x64.ActiveCfg = Debug|Any CPU
		{5C29A052-A408-4EC5-A861-4C5F33254362}.Debug|x64.Build.0 = Debug|Any CPU
		{5C29A052-A408-4EC5-A861-4C5F33254362}.Debug|x86.ActiveCfg = Debug|Any CPU
		{5C29A052-A408-4EC5-A861-4C5F33254362}.Debug|x86.Build.0 = Debug|Any CPU
		{5C29A052-A408-4EC5-A861-4C5F33254362}.Release|Any CPU.ActiveCfg = Release|Any CPU
		{5C29A052-A408-4EC5-A861-4C5F33254362}.Release|Any CPU.Build.0 = Release|Any CPU
		{5C29A052-A408-4EC5-A861-4C5F33254362}.Release|x64.ActiveCfg = Release|Any CPU
		{5C29A052-A408-4EC5-A861-4C5F33254362}.Release|x64.Build.0 = Release|Any CPU
		{5C29A052-A408-4EC5-A861-4C5F33254362}.Release|x86.ActiveCfg = Release|Any CPU
		{5C29A052-A408-4EC5-A861-4C5F33254362}.Release|x86.Build.0 = Release|Any CPU
		{40B08AFD-9EFF-4CE9-A02F-D90CB973BA29}.Debug|Any CPU.ActiveCfg = Debug|Any CPU
		{40B08AFD-9EFF-4CE9-A02F-D90CB973BA29}.Debug|Any CPU.Build.0 = Debug|Any CPU
		{40B08AFD-9EFF-4CE9-A02F-D90CB973BA29}.Debug|x64.ActiveCfg = Debug|Any CPU
		{40B08AFD-9EFF-4CE9-A02F-D90CB973BA29}.Debug|x64.Build.0 = Debug|Any CPU
		{40B08AFD-9EFF-4CE9-A02F-D90CB973BA29}.Debug|x86.ActiveCfg = Debug|Any CPU
		{40B08AFD-9EFF-4CE9-A02F-D90CB973BA29}.Debug|x86.Build.0 = Debug|Any CPU
		{40B08AFD-9EFF-4CE9-A02F-D90CB973BA29}.Release|Any CPU.ActiveCfg = Release|Any CPU
		{40B08AFD-9EFF-4CE9-A02F-D90CB973BA29}.Release|Any CPU.Build.0 = Release|Any CPU
		{40B08AFD-9EFF-4CE9-A02F-D90CB973BA29}.Release|x64.ActiveCfg = Release|Any CPU
		{40B08AFD-9EFF-4CE9-A02F-D90CB973BA29}.Release|x64.Build.0 = Release|Any CPU
		{40B08AFD-9EFF-4CE9-A02F-D90CB973BA29}.Release|x86.ActiveCfg = Release|Any CPU
		{40B08AFD-9EFF-4CE9-A02F-D90CB973BA29}.Release|x86.Build.0 = Release|Any CPU
		{28EF87B2-4ED4-4B38-853C-86CD87B024FA}.Debug|Any CPU.ActiveCfg = Debug|Any CPU
		{28EF87B2-4ED4-4B38-853C-86CD87B024FA}.Debug|Any CPU.Build.0 = Debug|Any CPU
		{28EF87B2-4ED4-4B38-853C-86CD87B024FA}.Debug|x64.ActiveCfg = Debug|Any CPU
		{28EF87B2-4ED4-4B38-853C-86CD87B024FA}.Debug|x64.Build.0 = Debug|Any CPU
		{28EF87B2-4ED4-4B38-853C-86CD87B024FA}.Debug|x86.ActiveCfg = Debug|Any CPU
		{28EF87B2-4ED4-4B38-853C-86CD87B024FA}.Debug|x86.Build.0 = Debug|Any CPU
		{28EF87B2-4ED4-4B38-853C-86CD87B024FA}.Release|Any CPU.ActiveCfg = Release|Any CPU
		{28EF87B2-4ED4-4B38-853C-86CD87B024FA}.Release|Any CPU.Build.0 = Release|Any CPU
		{28EF87B2-4ED4-4B38-853C-86CD87B024FA}.Release|x64.ActiveCfg = Release|Any CPU
		{28EF87B2-4ED4-4B38-853C-86CD87B024FA}.Release|x64.Build.0 = Release|Any CPU
		{28EF87B2-4ED4-4B38-853C-86CD87B024FA}.Release|x86.ActiveCfg = Release|Any CPU
		{28EF87B2-4ED4-4B38-853C-86CD87B024FA}.Release|x86.Build.0 = Release|Any CPU
		{C3C57039-D654-4A9E-B7DC-241B7E2A3F29}.Debug|Any CPU.ActiveCfg = Debug|Any CPU
		{C3C57039-D654-4A9E-B7DC-241B7E2A3F29}.Debug|Any CPU.Build.0 = Debug|Any CPU
		{C3C57039-D654-4A9E-B7DC-241B7E2A3F29}.Debug|x64.ActiveCfg = Debug|Any CPU
		{C3C57039-D654-4A9E-B7DC-241B7E2A3F29}.Debug|x64.Build.0 = Debug|Any CPU
		{C3C57039-D654-4A9E-B7DC-241B7E2A3F29}.Debug|x86.ActiveCfg = Debug|Any CPU
		{C3C57039-D654-4A9E-B7DC-241B7E2A3F29}.Debug|x86.Build.0 = Debug|Any CPU
		{C3C57039-D654-4A9E-B7DC-241B7E2A3F29}.Release|Any CPU.ActiveCfg = Release|Any CPU
		{C3C57039-D654-4A9E-B7DC-241B7E2A3F29}.Release|Any CPU.Build.0 = Release|Any CPU
		{C3C57039-D654-4A9E-B7DC-241B7E2A3F29}.Release|x64.ActiveCfg = Release|Any CPU
		{C3C57039-D654-4A9E-B7DC-241B7E2A3F29}.Release|x64.Build.0 = Release|Any CPU
		{C3C57039-D654-4A9E-B7DC-241B7E2A3F29}.Release|x86.ActiveCfg = Release|Any CPU
		{C3C57039-D654-4A9E-B7DC-241B7E2A3F29}.Release|x86.Build.0 = Release|Any CPU
		{C7AF24A6-C753-4CE1-90C8-34F58CA5F812}.Debug|Any CPU.ActiveCfg = Debug|Any CPU
		{C7AF24A6-C753-4CE1-90C8-34F58CA5F812}.Debug|Any CPU.Build.0 = Debug|Any CPU
		{C7AF24A6-C753-4CE1-90C8-34F58CA5F812}.Debug|x64.ActiveCfg = Debug|Any CPU
		{C7AF24A6-C753-4CE1-90C8-34F58CA5F812}.Debug|x64.Build.0 = Debug|Any CPU
		{C7AF24A6-C753-4CE1-90C8-34F58CA5F812}.Debug|x86.ActiveCfg = Debug|Any CPU
		{C7AF24A6-C753-4CE1-90C8-34F58CA5F812}.Debug|x86.Build.0 = Debug|Any CPU
		{C7AF24A6-C753-4CE1-90C8-34F58CA5F812}.Release|Any CPU.ActiveCfg = Release|Any CPU
		{C7AF24A6-C753-4CE1-90C8-34F58CA5F812}.Release|Any CPU.Build.0 = Release|Any CPU
		{C7AF24A6-C753-4CE1-90C8-34F58CA5F812}.Release|x64.ActiveCfg = Release|Any CPU
		{C7AF24A6-C753-4CE1-90C8-34F58CA5F812}.Release|x64.Build.0 = Release|Any CPU
		{C7AF24A6-C753-4CE1-90C8-34F58CA5F812}.Release|x86.ActiveCfg = Release|Any CPU
		{C7AF24A6-C753-4CE1-90C8-34F58CA5F812}.Release|x86.Build.0 = Release|Any CPU
		{46CD444B-9DD5-4441-811B-B9A79D65766A}.Debug|Any CPU.ActiveCfg = Debug|Any CPU
		{46CD444B-9DD5-4441-811B-B9A79D65766A}.Debug|Any CPU.Build.0 = Debug|Any CPU
		{46CD444B-9DD5-4441-811B-B9A79D65766A}.Debug|x64.ActiveCfg = Debug|Any CPU
		{46CD444B-9DD5-4441-811B-B9A79D65766A}.Debug|x64.Build.0 = Debug|Any CPU
		{46CD444B-9DD5-4441-811B-B9A79D65766A}.Debug|x86.ActiveCfg = Debug|Any CPU
		{46CD444B-9DD5-4441-811B-B9A79D65766A}.Debug|x86.Build.0 = Debug|Any CPU
		{46CD444B-9DD5-4441-811B-B9A79D65766A}.Release|Any CPU.ActiveCfg = Release|Any CPU
		{46CD444B-9DD5-4441-811B-B9A79D65766A}.Release|Any CPU.Build.0 = Release|Any CPU
		{46CD444B-9DD5-4441-811B-B9A79D65766A}.Release|x64.ActiveCfg = Release|Any CPU
		{46CD444B-9DD5-4441-811B-B9A79D65766A}.Release|x64.Build.0 = Release|Any CPU
		{46CD444B-9DD5-4441-811B-B9A79D65766A}.Release|x86.ActiveCfg = Release|Any CPU
		{46CD444B-9DD5-4441-811B-B9A79D65766A}.Release|x86.Build.0 = Release|Any CPU
		{48DCF587-CB07-4D1A-9F6A-1201D6EA20CE}.Debug|Any CPU.ActiveCfg = Debug|Any CPU
		{48DCF587-CB07-4D1A-9F6A-1201D6EA20CE}.Debug|Any CPU.Build.0 = Debug|Any CPU
		{48DCF587-CB07-4D1A-9F6A-1201D6EA20CE}.Debug|x64.ActiveCfg = Debug|Any CPU
		{48DCF587-CB07-4D1A-9F6A-1201D6EA20CE}.Debug|x64.Build.0 = Debug|Any CPU
		{48DCF587-CB07-4D1A-9F6A-1201D6EA20CE}.Debug|x86.ActiveCfg = Debug|Any CPU
		{48DCF587-CB07-4D1A-9F6A-1201D6EA20CE}.Debug|x86.Build.0 = Debug|Any CPU
		{48DCF587-CB07-4D1A-9F6A-1201D6EA20CE}.Release|Any CPU.ActiveCfg = Release|Any CPU
		{48DCF587-CB07-4D1A-9F6A-1201D6EA20CE}.Release|Any CPU.Build.0 = Release|Any CPU
		{48DCF587-CB07-4D1A-9F6A-1201D6EA20CE}.Release|x64.ActiveCfg = Release|Any CPU
		{48DCF587-CB07-4D1A-9F6A-1201D6EA20CE}.Release|x64.Build.0 = Release|Any CPU
		{48DCF587-CB07-4D1A-9F6A-1201D6EA20CE}.Release|x86.ActiveCfg = Release|Any CPU
		{48DCF587-CB07-4D1A-9F6A-1201D6EA20CE}.Release|x86.Build.0 = Release|Any CPU
		{1A7FF46E-72D0-4D51-AA00-4C086863C047}.Debug|Any CPU.ActiveCfg = Debug|Any CPU
		{1A7FF46E-72D0-4D51-AA00-4C086863C047}.Debug|Any CPU.Build.0 = Debug|Any CPU
		{1A7FF46E-72D0-4D51-AA00-4C086863C047}.Debug|x64.ActiveCfg = Debug|Any CPU
		{1A7FF46E-72D0-4D51-AA00-4C086863C047}.Debug|x64.Build.0 = Debug|Any CPU
		{1A7FF46E-72D0-4D51-AA00-4C086863C047}.Debug|x86.ActiveCfg = Debug|Any CPU
		{1A7FF46E-72D0-4D51-AA00-4C086863C047}.Debug|x86.Build.0 = Debug|Any CPU
		{1A7FF46E-72D0-4D51-AA00-4C086863C047}.Release|Any CPU.ActiveCfg = Release|Any CPU
		{1A7FF46E-72D0-4D51-AA00-4C086863C047}.Release|Any CPU.Build.0 = Release|Any CPU
		{1A7FF46E-72D0-4D51-AA00-4C086863C047}.Release|x64.ActiveCfg = Release|Any CPU
		{1A7FF46E-72D0-4D51-AA00-4C086863C047}.Release|x64.Build.0 = Release|Any CPU
		{1A7FF46E-72D0-4D51-AA00-4C086863C047}.Release|x86.ActiveCfg = Release|Any CPU
		{1A7FF46E-72D0-4D51-AA00-4C086863C047}.Release|x86.Build.0 = Release|Any CPU
		{AB4412E2-AB10-48D9-A084-34569ACDCB1B}.Debug|Any CPU.ActiveCfg = Debug|Any CPU
		{AB4412E2-AB10-48D9-A084-34569ACDCB1B}.Debug|Any CPU.Build.0 = Debug|Any CPU
		{AB4412E2-AB10-48D9-A084-34569ACDCB1B}.Debug|x64.ActiveCfg = Debug|Any CPU
		{AB4412E2-AB10-48D9-A084-34569ACDCB1B}.Debug|x64.Build.0 = Debug|Any CPU
		{AB4412E2-AB10-48D9-A084-34569ACDCB1B}.Debug|x86.ActiveCfg = Debug|Any CPU
		{AB4412E2-AB10-48D9-A084-34569ACDCB1B}.Debug|x86.Build.0 = Debug|Any CPU
		{AB4412E2-AB10-48D9-A084-34569ACDCB1B}.Release|Any CPU.ActiveCfg = Release|Any CPU
		{AB4412E2-AB10-48D9-A084-34569ACDCB1B}.Release|Any CPU.Build.0 = Release|Any CPU
		{AB4412E2-AB10-48D9-A084-34569ACDCB1B}.Release|x64.ActiveCfg = Release|Any CPU
		{AB4412E2-AB10-48D9-A084-34569ACDCB1B}.Release|x64.Build.0 = Release|Any CPU
		{AB4412E2-AB10-48D9-A084-34569ACDCB1B}.Release|x86.ActiveCfg = Release|Any CPU
		{AB4412E2-AB10-48D9-A084-34569ACDCB1B}.Release|x86.Build.0 = Release|Any CPU
		{7D01C1AD-3DA3-441C-BDF2-DA572D0A0366}.Debug|Any CPU.ActiveCfg = Debug|Any CPU
		{7D01C1AD-3DA3-441C-BDF2-DA572D0A0366}.Debug|Any CPU.Build.0 = Debug|Any CPU
		{7D01C1AD-3DA3-441C-BDF2-DA572D0A0366}.Debug|x64.ActiveCfg = Debug|Any CPU
		{7D01C1AD-3DA3-441C-BDF2-DA572D0A0366}.Debug|x64.Build.0 = Debug|Any CPU
		{7D01C1AD-3DA3-441C-BDF2-DA572D0A0366}.Debug|x86.ActiveCfg = Debug|Any CPU
		{7D01C1AD-3DA3-441C-BDF2-DA572D0A0366}.Debug|x86.Build.0 = Debug|Any CPU
		{7D01C1AD-3DA3-441C-BDF2-DA572D0A0366}.Release|Any CPU.ActiveCfg = Release|Any CPU
		{7D01C1AD-3DA3-441C-BDF2-DA572D0A0366}.Release|Any CPU.Build.0 = Release|Any CPU
		{7D01C1AD-3DA3-441C-BDF2-DA572D0A0366}.Release|x64.ActiveCfg = Release|Any CPU
		{7D01C1AD-3DA3-441C-BDF2-DA572D0A0366}.Release|x64.Build.0 = Release|Any CPU
		{7D01C1AD-3DA3-441C-BDF2-DA572D0A0366}.Release|x86.ActiveCfg = Release|Any CPU
		{7D01C1AD-3DA3-441C-BDF2-DA572D0A0366}.Release|x86.Build.0 = Release|Any CPU
		{C1E46A84-F7BA-44C8-8B37-E083D7DDEAB1}.Debug|Any CPU.ActiveCfg = Debug|Any CPU
		{C1E46A84-F7BA-44C8-8B37-E083D7DDEAB1}.Debug|Any CPU.Build.0 = Debug|Any CPU
		{C1E46A84-F7BA-44C8-8B37-E083D7DDEAB1}.Debug|x64.ActiveCfg = Debug|Any CPU
		{C1E46A84-F7BA-44C8-8B37-E083D7DDEAB1}.Debug|x64.Build.0 = Debug|Any CPU
		{C1E46A84-F7BA-44C8-8B37-E083D7DDEAB1}.Debug|x86.ActiveCfg = Debug|Any CPU
		{C1E46A84-F7BA-44C8-8B37-E083D7DDEAB1}.Debug|x86.Build.0 = Debug|Any CPU
		{C1E46A84-F7BA-44C8-8B37-E083D7DDEAB1}.Release|Any CPU.ActiveCfg = Release|Any CPU
		{C1E46A84-F7BA-44C8-8B37-E083D7DDEAB1}.Release|Any CPU.Build.0 = Release|Any CPU
		{C1E46A84-F7BA-44C8-8B37-E083D7DDEAB1}.Release|x64.ActiveCfg = Release|Any CPU
		{C1E46A84-F7BA-44C8-8B37-E083D7DDEAB1}.Release|x64.Build.0 = Release|Any CPU
		{C1E46A84-F7BA-44C8-8B37-E083D7DDEAB1}.Release|x86.ActiveCfg = Release|Any CPU
		{C1E46A84-F7BA-44C8-8B37-E083D7DDEAB1}.Release|x86.Build.0 = Release|Any CPU
		{D83A49F8-6452-4592-84AF-5F8D1716D64A}.Debug|Any CPU.ActiveCfg = Debug|Any CPU
		{D83A49F8-6452-4592-84AF-5F8D1716D64A}.Debug|Any CPU.Build.0 = Debug|Any CPU
		{D83A49F8-6452-4592-84AF-5F8D1716D64A}.Debug|x64.ActiveCfg = Debug|Any CPU
		{D83A49F8-6452-4592-84AF-5F8D1716D64A}.Debug|x64.Build.0 = Debug|Any CPU
		{D83A49F8-6452-4592-84AF-5F8D1716D64A}.Debug|x86.ActiveCfg = Debug|Any CPU
		{D83A49F8-6452-4592-84AF-5F8D1716D64A}.Debug|x86.Build.0 = Debug|Any CPU
		{D83A49F8-6452-4592-84AF-5F8D1716D64A}.Release|Any CPU.ActiveCfg = Release|Any CPU
		{D83A49F8-6452-4592-84AF-5F8D1716D64A}.Release|Any CPU.Build.0 = Release|Any CPU
		{D83A49F8-6452-4592-84AF-5F8D1716D64A}.Release|x64.ActiveCfg = Release|Any CPU
		{D83A49F8-6452-4592-84AF-5F8D1716D64A}.Release|x64.Build.0 = Release|Any CPU
		{D83A49F8-6452-4592-84AF-5F8D1716D64A}.Release|x86.ActiveCfg = Release|Any CPU
		{D83A49F8-6452-4592-84AF-5F8D1716D64A}.Release|x86.Build.0 = Release|Any CPU
		{632BA627-05AA-4854-BCB6-975E6CD4D289}.Debug|Any CPU.ActiveCfg = Debug|Any CPU
		{632BA627-05AA-4854-BCB6-975E6CD4D289}.Debug|Any CPU.Build.0 = Debug|Any CPU
		{632BA627-05AA-4854-BCB6-975E6CD4D289}.Debug|x64.ActiveCfg = Debug|Any CPU
		{632BA627-05AA-4854-BCB6-975E6CD4D289}.Debug|x64.Build.0 = Debug|Any CPU
		{632BA627-05AA-4854-BCB6-975E6CD4D289}.Debug|x86.ActiveCfg = Debug|Any CPU
		{632BA627-05AA-4854-BCB6-975E6CD4D289}.Debug|x86.Build.0 = Debug|Any CPU
		{632BA627-05AA-4854-BCB6-975E6CD4D289}.Release|Any CPU.ActiveCfg = Release|Any CPU
		{632BA627-05AA-4854-BCB6-975E6CD4D289}.Release|Any CPU.Build.0 = Release|Any CPU
		{632BA627-05AA-4854-BCB6-975E6CD4D289}.Release|x64.ActiveCfg = Release|Any CPU
		{632BA627-05AA-4854-BCB6-975E6CD4D289}.Release|x64.Build.0 = Release|Any CPU
		{632BA627-05AA-4854-BCB6-975E6CD4D289}.Release|x86.ActiveCfg = Release|Any CPU
		{632BA627-05AA-4854-BCB6-975E6CD4D289}.Release|x86.Build.0 = Release|Any CPU
		{B1644E5C-F568-46EC-B1A1-7EBF0D3C759A}.Debug|Any CPU.ActiveCfg = Debug|Any CPU
		{B1644E5C-F568-46EC-B1A1-7EBF0D3C759A}.Debug|Any CPU.Build.0 = Debug|Any CPU
		{B1644E5C-F568-46EC-B1A1-7EBF0D3C759A}.Debug|x64.ActiveCfg = Debug|Any CPU
		{B1644E5C-F568-46EC-B1A1-7EBF0D3C759A}.Debug|x64.Build.0 = Debug|Any CPU
		{B1644E5C-F568-46EC-B1A1-7EBF0D3C759A}.Debug|x86.ActiveCfg = Debug|Any CPU
		{B1644E5C-F568-46EC-B1A1-7EBF0D3C759A}.Debug|x86.Build.0 = Debug|Any CPU
		{B1644E5C-F568-46EC-B1A1-7EBF0D3C759A}.Release|Any CPU.ActiveCfg = Release|Any CPU
		{B1644E5C-F568-46EC-B1A1-7EBF0D3C759A}.Release|Any CPU.Build.0 = Release|Any CPU
		{B1644E5C-F568-46EC-B1A1-7EBF0D3C759A}.Release|x64.ActiveCfg = Release|Any CPU
		{B1644E5C-F568-46EC-B1A1-7EBF0D3C759A}.Release|x64.Build.0 = Release|Any CPU
		{B1644E5C-F568-46EC-B1A1-7EBF0D3C759A}.Release|x86.ActiveCfg = Release|Any CPU
		{B1644E5C-F568-46EC-B1A1-7EBF0D3C759A}.Release|x86.Build.0 = Release|Any CPU
		{295B0B92-811D-4529-97F1-23BF142805BC}.Debug|Any CPU.ActiveCfg = Debug|Any CPU
		{295B0B92-811D-4529-97F1-23BF142805BC}.Debug|Any CPU.Build.0 = Debug|Any CPU
		{295B0B92-811D-4529-97F1-23BF142805BC}.Debug|x64.ActiveCfg = Debug|Any CPU
		{295B0B92-811D-4529-97F1-23BF142805BC}.Debug|x64.Build.0 = Debug|Any CPU
		{295B0B92-811D-4529-97F1-23BF142805BC}.Debug|x86.ActiveCfg = Debug|Any CPU
		{295B0B92-811D-4529-97F1-23BF142805BC}.Debug|x86.Build.0 = Debug|Any CPU
		{295B0B92-811D-4529-97F1-23BF142805BC}.Release|Any CPU.ActiveCfg = Release|Any CPU
		{295B0B92-811D-4529-97F1-23BF142805BC}.Release|Any CPU.Build.0 = Release|Any CPU
		{295B0B92-811D-4529-97F1-23BF142805BC}.Release|x64.ActiveCfg = Release|Any CPU
		{295B0B92-811D-4529-97F1-23BF142805BC}.Release|x64.Build.0 = Release|Any CPU
		{295B0B92-811D-4529-97F1-23BF142805BC}.Release|x86.ActiveCfg = Release|Any CPU
		{295B0B92-811D-4529-97F1-23BF142805BC}.Release|x86.Build.0 = Release|Any CPU
		{2040F90E-5E5D-447F-8E81-4E448375EA31}.Debug|Any CPU.ActiveCfg = Debug|Any CPU
		{2040F90E-5E5D-447F-8E81-4E448375EA31}.Debug|Any CPU.Build.0 = Debug|Any CPU
		{2040F90E-5E5D-447F-8E81-4E448375EA31}.Debug|x64.ActiveCfg = Debug|Any CPU
		{2040F90E-5E5D-447F-8E81-4E448375EA31}.Debug|x64.Build.0 = Debug|Any CPU
		{2040F90E-5E5D-447F-8E81-4E448375EA31}.Debug|x86.ActiveCfg = Debug|Any CPU
		{2040F90E-5E5D-447F-8E81-4E448375EA31}.Debug|x86.Build.0 = Debug|Any CPU
		{2040F90E-5E5D-447F-8E81-4E448375EA31}.Release|Any CPU.ActiveCfg = Release|Any CPU
		{2040F90E-5E5D-447F-8E81-4E448375EA31}.Release|Any CPU.Build.0 = Release|Any CPU
		{2040F90E-5E5D-447F-8E81-4E448375EA31}.Release|x64.ActiveCfg = Release|Any CPU
		{2040F90E-5E5D-447F-8E81-4E448375EA31}.Release|x64.Build.0 = Release|Any CPU
		{2040F90E-5E5D-447F-8E81-4E448375EA31}.Release|x86.ActiveCfg = Release|Any CPU
		{2040F90E-5E5D-447F-8E81-4E448375EA31}.Release|x86.Build.0 = Release|Any CPU
	EndGlobalSection
	GlobalSection(NestedProjects) = preSolution
		{72D30DAB-3EB1-4F85-8843-89BB85949CD7} = {E3B5FAC6-A202-404E-9E4A-467BED37CC8E}
		{1FACE745-67EE-462E-A897-E21DA5F5794D} = {E3B5FAC6-A202-404E-9E4A-467BED37CC8E}
		{5C29A052-A408-4EC5-A861-4C5F33254362} = {F3A9BAD1-0C55-4BAC-A3DD-0F534F108C9E}
		{40B08AFD-9EFF-4CE9-A02F-D90CB973BA29} = {F3A9BAD1-0C55-4BAC-A3DD-0F534F108C9E}
		{28EF87B2-4ED4-4B38-853C-86CD87B024FA} = {7329682F-BA2B-4182-9539-49C9A109B8A8}
		{C3C57039-D654-4A9E-B7DC-241B7E2A3F29} = {7329682F-BA2B-4182-9539-49C9A109B8A8}
		{C7AF24A6-C753-4CE1-90C8-34F58CA5F812} = {D3C057B7-E860-45C4-98FE-3730D6C1F3F3}
		{46CD444B-9DD5-4441-811B-B9A79D65766A} = {D3C057B7-E860-45C4-98FE-3730D6C1F3F3}
		{48DCF587-CB07-4D1A-9F6A-1201D6EA20CE} = {00563637-0E10-4F11-84BB-25F0EB1A8C27}
		{1A7FF46E-72D0-4D51-AA00-4C086863C047} = {00563637-0E10-4F11-84BB-25F0EB1A8C27}
		{AB4412E2-AB10-48D9-A084-34569ACDCB1B} = {00563637-0E10-4F11-84BB-25F0EB1A8C27}
		{7D01C1AD-3DA3-441C-BDF2-DA572D0A0366} = {00563637-0E10-4F11-84BB-25F0EB1A8C27}
		{3597D116-BEB0-4BDA-B89B-EF76C5EF9313} = {00563637-0E10-4F11-84BB-25F0EB1A8C27}
		{C1E46A84-F7BA-44C8-8B37-E083D7DDEAB1} = {3597D116-BEB0-4BDA-B89B-EF76C5EF9313}
		{D83A49F8-6452-4592-84AF-5F8D1716D64A} = {3597D116-BEB0-4BDA-B89B-EF76C5EF9313}
		{3C34230C-4751-421C-9370-C468B802162A} = {00563637-0E10-4F11-84BB-25F0EB1A8C27}
		{632BA627-05AA-4854-BCB6-975E6CD4D289} = {3C34230C-4751-421C-9370-C468B802162A}
		{B1644E5C-F568-46EC-B1A1-7EBF0D3C759A} = {3C34230C-4751-421C-9370-C468B802162A}
		{ED056B86-A156-4F73-8166-201636911459} = {00563637-0E10-4F11-84BB-25F0EB1A8C27}
		{295B0B92-811D-4529-97F1-23BF142805BC} = {ED056B86-A156-4F73-8166-201636911459}
		{2040F90E-5E5D-447F-8E81-4E448375EA31} = {ED056B86-A156-4F73-8166-201636911459}
	EndGlobalSection
EndGlobal
